<?xml version="1.0" encoding="utf-8"?>
<Project ToolsVersion="4.0" xmlns="http://schemas.microsoft.com/developer/msbuild/2003">
  <ItemGroup>
    <Filter Include="Resource Files">
      <UniqueIdentifier>{668e7001-91f5-40eb-aed6-1be7df739b45}</UniqueIdentifier>
    </Filter>
    <Filter Include="SQL Files">
      <UniqueIdentifier>{56b12db2-76ec-483d-a35d-3152bfb6bde6}</UniqueIdentifier>
      <Extensions>sql</Extensions>
    </Filter>
    <Filter Include="Version Files">
      <UniqueIdentifier>{341efd5d-fa24-4a70-8e63-dd96b3794099}</UniqueIdentifier>
    </Filter>
    <Filter Include="Columns">
      <UniqueIdentifier>{53d1ef5b-d971-41d4-ae7e-db57e473a3ca}</UniqueIdentifier>
    </Filter>
  </ItemGroup>
  <ItemGroup>
    <ClCompile Include="entrypoint.cpp" />
    <ClCompile Include="CSxUCITSCommitment.cpp">
      <Filter>Columns</Filter>
    </ClCompile>
    <ClCompile Include="CSxCheapestToDeliver.cpp">
      <Filter>Columns</Filter>
    </ClCompile>
    <ClCompile Include="CUST_UCITSMain.cpp" />
    <ClCompile Include="CSxCachedColumn.cpp">
      <Filter>Columns</Filter>
    </ClCompile>
    <ClCompile Include="CSxColumnHelper.cpp">
      <Filter>Columns</Filter>
    </ClCompile>
    <ClCompile Include="CSxGrossLeverageColumn.cpp">
      <Filter>Columns</Filter>
    </ClCompile>
    <ClCompile Include="CSxGrossLeverageFundCcy.cpp">
      <Filter>Columns</Filter>
    </ClCompile>
    <ClCompile Include="CSxGrossLeverageNavPercent.cpp">
      <Filter>Columns</Filter>
    </ClCompile>
    <ClCompile Include="CSxCTDSicovam.cpp">
      <Filter>Columns</Filter>
    </ClCompile>
  </ItemGroup>
  <ItemGroup>
    <None Include="Version\ReadMe.txt">
      <Filter>Version Files</Filter>
    </None>
    <None Include="Resource\CUST_UCITS.txt">
      <Filter>Resource Files</Filter>
    </None>
    <None Include="Resource\CUST_UCITSVersion.rc2">
      <Filter>Resource Files</Filter>
    </None>
    <None Include="SQL\CUST_UCITSScript.sql">
      <Filter>SQL Files</Filter>
    </None>
    <None Include="SQL\Rollback_CUST_UCITSScript.sql">
      <Filter>SQL Files</Filter>
    </None>
    <None Include="Version\ReleaseNotes.CUST_UCITSScript.txt">
      <Filter>Version Files</Filter>
    </None>
  </ItemGroup>
  <ItemGroup>
    <ClInclude Include="targetver.h" />
    <ClInclude Include="Resource\resource.h">
      <Filter>Resource Files</Filter>
    </ClInclude>
    <ClInclude Include="CSxUCITSCommitment.h">
      <Filter>Columns</Filter>
    </ClInclude>
    <ClInclude Include="CSxCheapestToDeliver.h">
      <Filter>Columns</Filter>
    </ClInclude>
    <ClInclude Include="Version\CUST_UCITSVersion.h">
      <Filter>Version Files</Filter>
    </ClInclude>
    <ClInclude Include="CSxCachedColumn.h">
      <Filter>Columns</Filter>
    </ClInclude>
    <ClInclude Include="CSxColumnHelper.h">
      <Filter>Columns</Filter>
    </ClInclude>
    <ClInclude Include="CSxGrossLeverageColumn.h">
      <Filter>Columns</Filter>
    </ClInclude>
    <ClInclude Include="CSxGrossLeverageFundCcy.h">
      <Filter>Columns</Filter>
    </ClInclude>
    <ClInclude Include="CSxGrossLeverageNavPercent.h">
      <Filter>Columns</Filter>
    </ClInclude>
    <ClInclude Include="CSxCTDSicovam.h">
      <Filter>Columns</Filter>
    </ClInclude>
  </ItemGroup>
  <ItemGroup>
    <ResourceCompile Include="Resource\CUST_UCITS.rc">
      <Filter>Resource Files</Filter>
    </ResourceCompile>
  </ItemGroup>
</Project>