
Microsoft Visual Studio Solution File, Format Version 12.00
# Visual Studio 2013
VisualStudioVersion = 12.0.40629.0
MinimumVisualStudioVersion = 10.0.40219.1
Project("{FAE04EC0-301F-11D3-BF4B-00C04F79EFBC}") = "TKO-SphCollateralManagement", "TKO-SphCollateralManagement\TKO-SphCollateralManagement.csproj", "{9AD25BDF-B9B9-4F44-9ACD-AB2D3E37F435}"
EndProject
Project("{FAE04EC0-301F-11D3-BF4B-00C04F79EFBC}") = "TKO-SphFondamentaux", "TKO-SphFondamentaux\TKO-SphFondamentaux.csproj", "{F85CD385-D41A-497C-9A27-77F4B570E0E9}"
EndProject
Project("{FAE04EC0-301F-11D3-BF4B-00C04F79EFBC}") = "TKO-SphOtherPortfolioColumns", "TKO-SphOtherPortfolioColumns\TKO-SphOtherPortfolioColumns.csproj", "{5242C6C8-B490-4B0D-9177-511EDCC2C87D}"
EndProject
Project("{FAE04EC0-301F-11D3-BF4B-00C04F79EFBC}") = "TKO-SphPerfAttrib", "TKO-SphPerfAttrib\TKO-SphPerfAttrib.csproj", "{63B7F1FF-CDAD-456D-A160-510580F83E3D}"
EndProject
Project("{FAE04EC0-301F-11D3-BF4B-00C04F79EFBC}") = "TKO-SphRisk", "TKO-SphRisk\TKO-SphRisk.csproj", "{E1FA361C-9DFF-412F-A157-59B590D4359F}"
EndProject
Project("{FAE04EC0-301F-11D3-BF4B-00C04F79EFBC}") = "TKO-SphTikehauScenario", "TKO-SphTikehauScenario\TKO-SphTikehauScenario.csproj", "{044CE481-F1D9-414F-9413-A6271AF46B19}"
EndProject
Project("{FAE04EC0-301F-11D3-BF4B-00C04F79EFBC}") = "TKO-SophisDataRequestorSource", "TKO-SophisDataRequestorSource\TKO-SophisDataRequestorSource.csproj", "{714AF491-79CA-4233-AA74-23554A499985}"
EndProject
Project("{FAE04EC0-301F-11D3-BF4B-00C04F79EFBC}") = "SampleOrderActivity", "TKO-OMSOrderActivity\SampleOrderActivity.csproj", "{5B9793ED-230A-4C63-9E0A-AEB341BA6414}"
EndProject
Project("{FAE04EC0-301F-11D3-BF4B-00C04F79EFBC}") = "TKO_OmsPenceAdapter", "TKO-OMSPenceAdapter\TKO_OmsPenceAdapter.csproj", "{D10DC85B-4E16-4527-9200-E9E9066D41F0}"
EndProject
Project("{FAE04EC0-301F-11D3-BF4B-00C04F79EFBC}") = "tkoc-kiwf", "tkoc-kiwf\tkoc-kiwf.csproj", "{D2AA1A3D-E53C-4ABE-914B-B6CF01E9F594}"
EndProject
Project("{FAE04EC0-301F-11D3-BF4B-00C04F79EFBC}") = "UpgradeUtilites", "UpgradeUtilites\UpgradeUtilites.csproj", "{24C4220C-2F2C-4321-9988-54D35CEA3945}"
EndProject
Global
	GlobalSection(SolutionConfigurationPlatforms) = preSolution
		Any CPU|Any CPU = Any CPU|Any CPU
		Any CPU|Mixed Platforms = Any CPU|Mixed Platforms
		Any CPU|x64 = Any CPU|x64
		Any CPU|x86 = Any CPU|x86
		Debug|Any CPU = Debug|Any CPU
		Debug|Mixed Platforms = Debug|Mixed Platforms
		Debug|x64 = Debug|x64
		Debug|x86 = Debug|x86
		Release|Any CPU = Release|Any CPU
		Release|Mixed Platforms = Release|Mixed Platforms
		Release|x64 = Release|x64
		Release|x86 = Release|x86
	EndGlobalSection
	GlobalSection(ProjectConfigurationPlatforms) = postSolution
		{9AD25BDF-B9B9-4F44-9ACD-AB2D3E37F435}.Any CPU|Any CPU.ActiveCfg = Any CPU|Any CPU
		{9AD25BDF-B9B9-4F44-9ACD-AB2D3E37F435}.Any CPU|Any CPU.Build.0 = Any CPU|Any CPU
		{9AD25BDF-B9B9-4F44-9ACD-AB2D3E37F435}.Any CPU|Mixed Platforms.ActiveCfg = Any CPU|x86
		{9AD25BDF-B9B9-4F44-9ACD-AB2D3E37F435}.Any CPU|Mixed Platforms.Build.0 = Any CPU|x86
		{9AD25BDF-B9B9-4F44-9ACD-AB2D3E37F435}.Any CPU|x64.ActiveCfg = Any CPU|x64
		{9AD25BDF-B9B9-4F44-9ACD-AB2D3E37F435}.Any CPU|x64.Build.0 = Any CPU|x64
		{9AD25BDF-B9B9-4F44-9ACD-AB2D3E37F435}.Any CPU|x86.ActiveCfg = Any CPU|x86
		{9AD25BDF-B9B9-4F44-9ACD-AB2D3E37F435}.Any CPU|x86.Build.0 = Any CPU|x86
		{9AD25BDF-B9B9-4F44-9ACD-AB2D3E37F435}.Debug|Any CPU.ActiveCfg = Debug|Any CPU
		{9AD25BDF-B9B9-4F44-9ACD-AB2D3E37F435}.Debug|Any CPU.Build.0 = Debug|Any CPU
		{9AD25BDF-B9B9-4F44-9ACD-AB2D3E37F435}.Debug|Mixed Platforms.ActiveCfg = Debug|x86
		{9AD25BDF-B9B9-4F44-9ACD-AB2D3E37F435}.Debug|Mixed Platforms.Build.0 = Debug|x86
		{9AD25BDF-B9B9-4F44-9ACD-AB2D3E37F435}.Debug|x64.ActiveCfg = Debug|x64
		{9AD25BDF-B9B9-4F44-9ACD-AB2D3E37F435}.Debug|x64.Build.0 = Debug|x64
		{9AD25BDF-B9B9-4F44-9ACD-AB2D3E37F435}.Debug|x86.ActiveCfg = Debug|x86
		{9AD25BDF-B9B9-4F44-9ACD-AB2D3E37F435}.Debug|x86.Build.0 = Debug|x86
		{9AD25BDF-B9B9-4F44-9ACD-AB2D3E37F435}.Release|Any CPU.ActiveCfg = Release|Any CPU
		{9AD25BDF-B9B9-4F44-9ACD-AB2D3E37F435}.Release|Any CPU.Build.0 = Release|Any CPU
		{9AD25BDF-B9B9-4F44-9ACD-AB2D3E37F435}.Release|Mixed Platforms.ActiveCfg = Release|x86
		{9AD25BDF-B9B9-4F44-9ACD-AB2D3E37F435}.Release|Mixed Platforms.Build.0 = Release|x86
		{9AD25BDF-B9B9-4F44-9ACD-AB2D3E37F435}.Release|x64.ActiveCfg = Release|x64
		{9AD25BDF-B9B9-4F44-9ACD-AB2D3E37F435}.Release|x64.Build.0 = Release|x64
		{9AD25BDF-B9B9-4F44-9ACD-AB2D3E37F435}.Release|x86.ActiveCfg = Release|x86
		{9AD25BDF-B9B9-4F44-9ACD-AB2D3E37F435}.Release|x86.Build.0 = Release|x86
		{F85CD385-D41A-497C-9A27-77F4B570E0E9}.Any CPU|Any CPU.ActiveCfg = Any CPU|Any CPU
		{F85CD385-D41A-497C-9A27-77F4B570E0E9}.Any CPU|Any CPU.Build.0 = Any CPU|Any CPU
		{F85CD385-D41A-497C-9A27-77F4B570E0E9}.Any CPU|Mixed Platforms.ActiveCfg = Any CPU|x86
		{F85CD385-D41A-497C-9A27-77F4B570E0E9}.Any CPU|Mixed Platforms.Build.0 = Any CPU|x86
		{F85CD385-D41A-497C-9A27-77F4B570E0E9}.Any CPU|x64.ActiveCfg = Any CPU|x64
		{F85CD385-D41A-497C-9A27-77F4B570E0E9}.Any CPU|x64.Build.0 = Any CPU|x64
		{F85CD385-D41A-497C-9A27-77F4B570E0E9}.Any CPU|x86.ActiveCfg = Any CPU|x86
		{F85CD385-D41A-497C-9A27-77F4B570E0E9}.Any CPU|x86.Build.0 = Any CPU|x86
		{F85CD385-D41A-497C-9A27-77F4B570E0E9}.Debug|Any CPU.ActiveCfg = Debug|Any CPU
		{F85CD385-D41A-497C-9A27-77F4B570E0E9}.Debug|Any CPU.Build.0 = Debug|Any CPU
		{F85CD385-D41A-497C-9A27-77F4B570E0E9}.Debug|Mixed Platforms.ActiveCfg = Debug|x86
		{F85CD385-D41A-497C-9A27-77F4B570E0E9}.Debug|Mixed Platforms.Build.0 = Debug|x86
		{F85CD385-D41A-497C-9A27-77F4B570E0E9}.Debug|x64.ActiveCfg = Debug|x64
		{F85CD385-D41A-497C-9A27-77F4B570E0E9}.Debug|x64.Build.0 = Debug|x64
		{F85CD385-D41A-497C-9A27-77F4B570E0E9}.Debug|x86.ActiveCfg = Debug|x86
		{F85CD385-D41A-497C-9A27-77F4B570E0E9}.Debug|x86.Build.0 = Debug|x86
		{F85CD385-D41A-497C-9A27-77F4B570E0E9}.Release|Any CPU.ActiveCfg = Release|Any CPU
		{F85CD385-D41A-497C-9A27-77F4B570E0E9}.Release|Any CPU.Build.0 = Release|Any CPU
		{F85CD385-D41A-497C-9A27-77F4B570E0E9}.Release|Mixed Platforms.ActiveCfg = Release|x86
		{F85CD385-D41A-497C-9A27-77F4B570E0E9}.Release|Mixed Platforms.Build.0 = Release|x86
		{F85CD385-D41A-497C-9A27-77F4B570E0E9}.Release|x64.ActiveCfg = Release|x64
		{F85CD385-D41A-497C-9A27-77F4B570E0E9}.Release|x64.Build.0 = Release|x64
		{F85CD385-D41A-497C-9A27-77F4B570E0E9}.Release|x86.ActiveCfg = Release|x86
		{F85CD385-D41A-497C-9A27-77F4B570E0E9}.Release|x86.Build.0 = Release|x86
		{5242C6C8-B490-4B0D-9177-511EDCC2C87D}.Any CPU|Any CPU.ActiveCfg = Any CPU|Any CPU
		{5242C6C8-B490-4B0D-9177-511EDCC2C87D}.Any CPU|Any CPU.Build.0 = Any CPU|Any CPU
		{5242C6C8-B490-4B0D-9177-511EDCC2C87D}.Any CPU|Mixed Platforms.ActiveCfg = Any CPU|x86
		{5242C6C8-B490-4B0D-9177-511EDCC2C87D}.Any CPU|Mixed Platforms.Build.0 = Any CPU|x86
		{5242C6C8-B490-4B0D-9177-511EDCC2C87D}.Any CPU|x64.ActiveCfg = Any CPU|x64
		{5242C6C8-B490-4B0D-9177-511EDCC2C87D}.Any CPU|x64.Build.0 = Any CPU|x64
		{5242C6C8-B490-4B0D-9177-511EDCC2C87D}.Any CPU|x86.ActiveCfg = Any CPU|x86
		{5242C6C8-B490-4B0D-9177-511EDCC2C87D}.Any CPU|x86.Build.0 = Any CPU|x86
		{5242C6C8-B490-4B0D-9177-511EDCC2C87D}.Debug|Any CPU.ActiveCfg = Debug|Any CPU
		{5242C6C8-B490-4B0D-9177-511EDCC2C87D}.Debug|Any CPU.Build.0 = Debug|Any CPU
		{5242C6C8-B490-4B0D-9177-511EDCC2C87D}.Debug|Mixed Platforms.ActiveCfg = Debug|x86
		{5242C6C8-B490-4B0D-9177-511EDCC2C87D}.Debug|Mixed Platforms.Build.0 = Debug|x86
		{5242C6C8-B490-4B0D-9177-511EDCC2C87D}.Debug|x64.ActiveCfg = Debug|x64
		{5242C6C8-B490-4B0D-9177-511EDCC2C87D}.Debug|x64.Build.0 = Debug|x64
		{5242C6C8-B490-4B0D-9177-511EDCC2C87D}.Debug|x86.ActiveCfg = Debug|x86
		{5242C6C8-B490-4B0D-9177-511EDCC2C87D}.Debug|x86.Build.0 = Debug|x86
		{5242C6C8-B490-4B0D-9177-511EDCC2C87D}.Release|Any CPU.ActiveCfg = Release|Any CPU
		{5242C6C8-B490-4B0D-9177-511EDCC2C87D}.Release|Any CPU.Build.0 = Release|Any CPU
		{5242C6C8-B490-4B0D-9177-511EDCC2C87D}.Release|Mixed Platforms.ActiveCfg = Release|x86
		{5242C6C8-B490-4B0D-9177-511EDCC2C87D}.Release|Mixed Platforms.Build.0 = Release|x86
		{5242C6C8-B490-4B0D-9177-511EDCC2C87D}.Release|x64.ActiveCfg = Release|x64
		{5242C6C8-B490-4B0D-9177-511EDCC2C87D}.Release|x64.Build.0 = Release|x64
		{5242C6C8-B490-4B0D-9177-511EDCC2C87D}.Release|x86.ActiveCfg = Release|x86
		{5242C6C8-B490-4B0D-9177-511EDCC2C87D}.Release|x86.Build.0 = Release|x86
		{63B7F1FF-CDAD-456D-A160-510580F83E3D}.Any CPU|Any CPU.ActiveCfg = Any CPU|Any CPU
		{63B7F1FF-CDAD-456D-A160-510580F83E3D}.Any CPU|Any CPU.Build.0 = Any CPU|Any CPU
		{63B7F1FF-CDAD-456D-A160-510580F83E3D}.Any CPU|Mixed Platforms.ActiveCfg = Any CPU|x86
		{63B7F1FF-CDAD-456D-A160-510580F83E3D}.Any CPU|Mixed Platforms.Build.0 = Any CPU|x86
		{63B7F1FF-CDAD-456D-A160-510580F83E3D}.Any CPU|x64.ActiveCfg = Any CPU|x64
		{63B7F1FF-CDAD-456D-A160-510580F83E3D}.Any CPU|x64.Build.0 = Any CPU|x64
		{63B7F1FF-CDAD-456D-A160-510580F83E3D}.Any CPU|x86.ActiveCfg = Any CPU|x86
		{63B7F1FF-CDAD-456D-A160-510580F83E3D}.Any CPU|x86.Build.0 = Any CPU|x86
		{63B7F1FF-CDAD-456D-A160-510580F83E3D}.Debug|Any CPU.ActiveCfg = Debug|Any CPU
		{63B7F1FF-CDAD-456D-A160-510580F83E3D}.Debug|Any CPU.Build.0 = Debug|Any CPU
		{63B7F1FF-CDAD-456D-A160-510580F83E3D}.Debug|Mixed Platforms.ActiveCfg = Debug|x86
		{63B7F1FF-CDAD-456D-A160-510580F83E3D}.Debug|Mixed Platforms.Build.0 = Debug|x86
		{63B7F1FF-CDAD-456D-A160-510580F83E3D}.Debug|x64.ActiveCfg = Debug|x64
		{63B7F1FF-CDAD-456D-A160-510580F83E3D}.Debug|x64.Build.0 = Debug|x64
		{63B7F1FF-CDAD-456D-A160-510580F83E3D}.Debug|x86.ActiveCfg = Debug|x86
		{63B7F1FF-CDAD-456D-A160-510580F83E3D}.Debug|x86.Build.0 = Debug|x86
		{63B7F1FF-CDAD-456D-A160-510580F83E3D}.Release|Any CPU.ActiveCfg = Release|Any CPU
		{63B7F1FF-CDAD-456D-A160-510580F83E3D}.Release|Any CPU.Build.0 = Release|Any CPU
		{63B7F1FF-CDAD-456D-A160-510580F83E3D}.Release|Mixed Platforms.ActiveCfg = Release|x86
		{63B7F1FF-CDAD-456D-A160-510580F83E3D}.Release|Mixed Platforms.Build.0 = Release|x86
		{63B7F1FF-CDAD-456D-A160-510580F83E3D}.Release|x64.ActiveCfg = Release|x64
		{63B7F1FF-CDAD-456D-A160-510580F83E3D}.Release|x64.Build.0 = Release|x64
		{63B7F1FF-CDAD-456D-A160-510580F83E3D}.Release|x86.ActiveCfg = Release|x86
		{63B7F1FF-CDAD-456D-A160-510580F83E3D}.Release|x86.Build.0 = Release|x86
		{E1FA361C-9DFF-412F-A157-59B590D4359F}.Any CPU|Any CPU.ActiveCfg = Any CPU|Any CPU
		{E1FA361C-9DFF-412F-A157-59B590D4359F}.Any CPU|Any CPU.Build.0 = Any CPU|Any CPU
		{E1FA361C-9DFF-412F-A157-59B590D4359F}.Any CPU|Mixed Platforms.ActiveCfg = Any CPU|x86
		{E1FA361C-9DFF-412F-A157-59B590D4359F}.Any CPU|Mixed Platforms.Build.0 = Any CPU|x86
		{E1FA361C-9DFF-412F-A157-59B590D4359F}.Any CPU|x64.ActiveCfg = Any CPU|x64
		{E1FA361C-9DFF-412F-A157-59B590D4359F}.Any CPU|x64.Build.0 = Any CPU|x64
		{E1FA361C-9DFF-412F-A157-59B590D4359F}.Any CPU|x86.ActiveCfg = Any CPU|x86
		{E1FA361C-9DFF-412F-A157-59B590D4359F}.Any CPU|x86.Build.0 = Any CPU|x86
		{E1FA361C-9DFF-412F-A157-59B590D4359F}.Debug|Any CPU.ActiveCfg = Debug|Any CPU
		{E1FA361C-9DFF-412F-A157-59B590D4359F}.Debug|Any CPU.Build.0 = Debug|Any CPU
		{E1FA361C-9DFF-412F-A157-59B590D4359F}.Debug|Mixed Platforms.ActiveCfg = Debug|x86
		{E1FA361C-9DFF-412F-A157-59B590D4359F}.Debug|Mixed Platforms.Build.0 = Debug|x86
		{E1FA361C-9DFF-412F-A157-59B590D4359F}.Debug|x64.ActiveCfg = Debug|x64
		{E1FA361C-9DFF-412F-A157-59B590D4359F}.Debug|x64.Build.0 = Debug|x64
		{E1FA361C-9DFF-412F-A157-59B590D4359F}.Debug|x86.ActiveCfg = Debug|x86
		{E1FA361C-9DFF-412F-A157-59B590D4359F}.Debug|x86.Build.0 = Debug|x86
		{E1FA361C-9DFF-412F-A157-59B590D4359F}.Release|Any CPU.ActiveCfg = Release|Any CPU
		{E1FA361C-9DFF-412F-A157-59B590D4359F}.Release|Any CPU.Build.0 = Release|Any CPU
		{E1FA361C-9DFF-412F-A157-59B590D4359F}.Release|Mixed Platforms.ActiveCfg = Release|x86
		{E1FA361C-9DFF-412F-A157-59B590D4359F}.Release|Mixed Platforms.Build.0 = Release|x86
		{E1FA361C-9DFF-412F-A157-59B590D4359F}.Release|x64.ActiveCfg = Release|x64
		{E1FA361C-9DFF-412F-A157-59B590D4359F}.Release|x64.Build.0 = Release|x64
		{E1FA361C-9DFF-412F-A157-59B590D4359F}.Release|x86.ActiveCfg = Release|x86
		{E1FA361C-9DFF-412F-A157-59B590D4359F}.Release|x86.Build.0 = Release|x86
		{044CE481-F1D9-414F-9413-A6271AF46B19}.Any CPU|Any CPU.ActiveCfg = Any CPU|Any CPU
		{044CE481-F1D9-414F-9413-A6271AF46B19}.Any CPU|Any CPU.Build.0 = Any CPU|Any CPU
		{044CE481-F1D9-414F-9413-A6271AF46B19}.Any CPU|Mixed Platforms.ActiveCfg = Any CPU|x86
		{044CE481-F1D9-414F-9413-A6271AF46B19}.Any CPU|Mixed Platforms.Build.0 = Any CPU|x86
		{044CE481-F1D9-414F-9413-A6271AF46B19}.Any CPU|x64.ActiveCfg = Any CPU|x64
		{044CE481-F1D9-414F-9413-A6271AF46B19}.Any CPU|x64.Build.0 = Any CPU|x64
		{044CE481-F1D9-414F-9413-A6271AF46B19}.Any CPU|x86.ActiveCfg = Any CPU|x86
		{044CE481-F1D9-414F-9413-A6271AF46B19}.Any CPU|x86.Build.0 = Any CPU|x86
		{044CE481-F1D9-414F-9413-A6271AF46B19}.Debug|Any CPU.ActiveCfg = Debug|Any CPU
		{044CE481-F1D9-414F-9413-A6271AF46B19}.Debug|Any CPU.Build.0 = Debug|Any CPU
		{044CE481-F1D9-414F-9413-A6271AF46B19}.Debug|Mixed Platforms.ActiveCfg = Debug|x86
		{044CE481-F1D9-414F-9413-A6271AF46B19}.Debug|Mixed Platforms.Build.0 = Debug|x86
		{044CE481-F1D9-414F-9413-A6271AF46B19}.Debug|x64.ActiveCfg = Debug|x64
		{044CE481-F1D9-414F-9413-A6271AF46B19}.Debug|x64.Build.0 = Debug|x64
		{044CE481-F1D9-414F-9413-A6271AF46B19}.Debug|x86.ActiveCfg = Debug|x86
		{044CE481-F1D9-414F-9413-A6271AF46B19}.Debug|x86.Build.0 = Debug|x86
		{044CE481-F1D9-414F-9413-A6271AF46B19}.Release|Any CPU.ActiveCfg = Release|Any CPU
		{044CE481-F1D9-414F-9413-A6271AF46B19}.Release|Any CPU.Build.0 = Release|Any CPU
		{044CE481-F1D9-414F-9413-A6271AF46B19}.Release|Mixed Platforms.ActiveCfg = Release|x86
		{044CE481-F1D9-414F-9413-A6271AF46B19}.Release|Mixed Platforms.Build.0 = Release|x86
		{044CE481-F1D9-414F-9413-A6271AF46B19}.Release|x64.ActiveCfg = Release|x64
		{044CE481-F1D9-414F-9413-A6271AF46B19}.Release|x64.Build.0 = Release|x64
		{044CE481-F1D9-414F-9413-A6271AF46B19}.Release|x86.ActiveCfg = Release|x86
		{044CE481-F1D9-414F-9413-A6271AF46B19}.Release|x86.Build.0 = Release|x86
		{714AF491-79CA-4233-AA74-23554A499985}.Any CPU|Any CPU.ActiveCfg = Any CPU|Any CPU
		{714AF491-79CA-4233-AA74-23554A499985}.Any CPU|Any CPU.Build.0 = Any CPU|Any CPU
		{714AF491-79CA-4233-AA74-23554A499985}.Any CPU|Mixed Platforms.ActiveCfg = Any CPU|x86
		{714AF491-79CA-4233-AA74-23554A499985}.Any CPU|Mixed Platforms.Build.0 = Any CPU|x86
		{714AF491-79CA-4233-AA74-23554A499985}.Any CPU|x64.ActiveCfg = Any CPU|x64
		{714AF491-79CA-4233-AA74-23554A499985}.Any CPU|x64.Build.0 = Any CPU|x64
		{714AF491-79CA-4233-AA74-23554A499985}.Any CPU|x86.ActiveCfg = Any CPU|x86
		{714AF491-79CA-4233-AA74-23554A499985}.Any CPU|x86.Build.0 = Any CPU|x86
		{714AF491-79CA-4233-AA74-23554A499985}.Debug|Any CPU.ActiveCfg = Debug|Any CPU
		{714AF491-79CA-4233-AA74-23554A499985}.Debug|Any CPU.Build.0 = Debug|Any CPU
		{714AF491-79CA-4233-AA74-23554A499985}.Debug|Mixed Platforms.ActiveCfg = Debug|x86
		{714AF491-79CA-4233-AA74-23554A499985}.Debug|Mixed Platforms.Build.0 = Debug|x86
		{714AF491-79CA-4233-AA74-23554A499985}.Debug|x64.ActiveCfg = Debug|x64
		{714AF491-79CA-4233-AA74-23554A499985}.Debug|x64.Build.0 = Debug|x64
		{714AF491-79CA-4233-AA74-23554A499985}.Debug|x86.ActiveCfg = Debug|x86
		{714AF491-79CA-4233-AA74-23554A499985}.Debug|x86.Build.0 = Debug|x86
		{714AF491-79CA-4233-AA74-23554A499985}.Release|Any CPU.ActiveCfg = Release|Any CPU
		{714AF491-79CA-4233-AA74-23554A499985}.Release|Any CPU.Build.0 = Release|Any CPU
		{714AF491-79CA-4233-AA74-23554A499985}.Release|Mixed Platforms.ActiveCfg = Release|x86
		{714AF491-79CA-4233-AA74-23554A499985}.Release|Mixed Platforms.Build.0 = Release|x86
		{714AF491-79CA-4233-AA74-23554A499985}.Release|x64.ActiveCfg = Release|x64
		{714AF491-79CA-4233-AA74-23554A499985}.Release|x64.Build.0 = Release|x64
		{714AF491-79CA-4233-AA74-23554A499985}.Release|x86.ActiveCfg = Release|x86
		{714AF491-79CA-4233-AA74-23554A499985}.Release|x86.Build.0 = Release|x86
		{5B9793ED-230A-4C63-9E0A-AEB341BA6414}.Any CPU|Any CPU.ActiveCfg = Any CPU|Any CPU
		{5B9793ED-230A-4C63-9E0A-AEB341BA6414}.Any CPU|Any CPU.Build.0 = Any CPU|Any CPU
		{5B9793ED-230A-4C63-9E0A-AEB341BA6414}.Any CPU|Mixed Platforms.ActiveCfg = Any CPU|x86
		{5B9793ED-230A-4C63-9E0A-AEB341BA6414}.Any CPU|Mixed Platforms.Build.0 = Any CPU|x86
		{5B9793ED-230A-4C63-9E0A-AEB341BA6414}.Any CPU|x64.ActiveCfg = Any CPU|x64
		{5B9793ED-230A-4C63-9E0A-AEB341BA6414}.Any CPU|x64.Build.0 = Any CPU|x64
		{5B9793ED-230A-4C63-9E0A-AEB341BA6414}.Any CPU|x86.ActiveCfg = Any CPU|x86
		{5B9793ED-230A-4C63-9E0A-AEB341BA6414}.Any CPU|x86.Build.0 = Any CPU|x86
		{5B9793ED-230A-4C63-9E0A-AEB341BA6414}.Debug|Any CPU.ActiveCfg = Debug|Any CPU
		{5B9793ED-230A-4C63-9E0A-AEB341BA6414}.Debug|Any CPU.Build.0 = Debug|Any CPU
		{5B9793ED-230A-4C63-9E0A-AEB341BA6414}.Debug|Mixed Platforms.ActiveCfg = Debug|x86
		{5B9793ED-230A-4C63-9E0A-AEB341BA6414}.Debug|Mixed Platforms.Build.0 = Debug|x86
		{5B9793ED-230A-4C63-9E0A-AEB341BA6414}.Debug|x64.ActiveCfg = Debug|x64
		{5B9793ED-230A-4C63-9E0A-AEB341BA6414}.Debug|x64.Build.0 = Debug|x64
		{5B9793ED-230A-4C63-9E0A-AEB341BA6414}.Debug|x86.ActiveCfg = Debug|x86
		{5B9793ED-230A-4C63-9E0A-AEB341BA6414}.Debug|x86.Build.0 = Debug|x86
		{5B9793ED-230A-4C63-9E0A-AEB341BA6414}.Release|Any CPU.ActiveCfg = Release|Any CPU
		{5B9793ED-230A-4C63-9E0A-AEB341BA6414}.Release|Any CPU.Build.0 = Release|Any CPU
		{5B9793ED-230A-4C63-9E0A-AEB341BA6414}.Release|Mixed Platforms.ActiveCfg = Release|x86
		{5B9793ED-230A-4C63-9E0A-AEB341BA6414}.Release|Mixed Platforms.Build.0 = Release|x86
		{5B9793ED-230A-4C63-9E0A-AEB341BA6414}.Release|x64.ActiveCfg = Release|x64
		{5B9793ED-230A-4C63-9E0A-AEB341BA6414}.Release|x64.Build.0 = Release|x64
		{5B9793ED-230A-4C63-9E0A-AEB341BA6414}.Release|x86.ActiveCfg = Release|x86
		{5B9793ED-230A-4C63-9E0A-AEB341BA6414}.Release|x86.Build.0 = Release|x86
		{D10DC85B-4E16-4527-9200-E9E9066D41F0}.Any CPU|Any CPU.ActiveCfg = Any CPU|Any CPU
		{D10DC85B-4E16-4527-9200-E9E9066D41F0}.Any CPU|Any CPU.Build.0 = Any CPU|Any CPU
		{D10DC85B-4E16-4527-9200-E9E9066D41F0}.Any CPU|Mixed Platforms.ActiveCfg = Any CPU|x86
		{D10DC85B-4E16-4527-9200-E9E9066D41F0}.Any CPU|Mixed Platforms.Build.0 = Any CPU|x86
		{D10DC85B-4E16-4527-9200-E9E9066D41F0}.Any CPU|x64.ActiveCfg = Any CPU|x64
		{D10DC85B-4E16-4527-9200-E9E9066D41F0}.Any CPU|x64.Build.0 = Any CPU|x64
		{D10DC85B-4E16-4527-9200-E9E9066D41F0}.Any CPU|x86.ActiveCfg = Any CPU|x86
		{D10DC85B-4E16-4527-9200-E9E9066D41F0}.Any CPU|x86.Build.0 = Any CPU|x86
		{D10DC85B-4E16-4527-9200-E9E9066D41F0}.Debug|Any CPU.ActiveCfg = Debug|Any CPU
		{D10DC85B-4E16-4527-9200-E9E9066D41F0}.Debug|Any CPU.Build.0 = Debug|Any CPU
		{D10DC85B-4E16-4527-9200-E9E9066D41F0}.Debug|Mixed Platforms.ActiveCfg = Debug|x86
		{D10DC85B-4E16-4527-9200-E9E9066D41F0}.Debug|Mixed Platforms.Build.0 = Debug|x86
		{D10DC85B-4E16-4527-9200-E9E9066D41F0}.Debug|x64.ActiveCfg = Debug|x64
		{D10DC85B-4E16-4527-9200-E9E9066D41F0}.Debug|x64.Build.0 = Debug|x64
		{D10DC85B-4E16-4527-9200-E9E9066D41F0}.Debug|x86.ActiveCfg = Debug|x86
		{D10DC85B-4E16-4527-9200-E9E9066D41F0}.Debug|x86.Build.0 = Debug|x86
		{D10DC85B-4E16-4527-9200-E9E9066D41F0}.Release|Any CPU.ActiveCfg = Release|Any CPU
		{D10DC85B-4E16-4527-9200-E9E9066D41F0}.Release|Any CPU.Build.0 = Release|Any CPU
		{D10DC85B-4E16-4527-9200-E9E9066D41F0}.Release|Mixed Platforms.ActiveCfg = Release|x86
		{D10DC85B-4E16-4527-9200-E9E9066D41F0}.Release|Mixed Platforms.Build.0 = Release|x86
		{D10DC85B-4E16-4527-9200-E9E9066D41F0}.Release|x64.ActiveCfg = Release|x64
		{D10DC85B-4E16-4527-9200-E9E9066D41F0}.Release|x64.Build.0 = Release|x64
		{D10DC85B-4E16-4527-9200-E9E9066D41F0}.Release|x86.ActiveCfg = Release|x86
		{D10DC85B-4E16-4527-9200-E9E9066D41F0}.Release|x86.Build.0 = Release|x86
		{D2AA1A3D-E53C-4ABE-914B-B6CF01E9F594}.Any CPU|Any CPU.ActiveCfg = Any CPU|Any CPU
		{D2AA1A3D-E53C-4ABE-914B-B6CF01E9F594}.Any CPU|Any CPU.Build.0 = Any CPU|Any CPU
		{D2AA1A3D-E53C-4ABE-914B-B6CF01E9F594}.Any CPU|Mixed Platforms.ActiveCfg = Any CPU|x86
		{D2AA1A3D-E53C-4ABE-914B-B6CF01E9F594}.Any CPU|Mixed Platforms.Build.0 = Any CPU|x86
		{D2AA1A3D-E53C-4ABE-914B-B6CF01E9F594}.Any CPU|x64.ActiveCfg = Any CPU|x64
		{D2AA1A3D-E53C-4ABE-914B-B6CF01E9F594}.Any CPU|x64.Build.0 = Any CPU|x64
		{D2AA1A3D-E53C-4ABE-914B-B6CF01E9F594}.Any CPU|x86.ActiveCfg = Any CPU|x86
		{D2AA1A3D-E53C-4ABE-914B-B6CF01E9F594}.Any CPU|x86.Build.0 = Any CPU|x86
		{D2AA1A3D-E53C-4ABE-914B-B6CF01E9F594}.Debug|Any CPU.ActiveCfg = Debug|Any CPU
		{D2AA1A3D-E53C-4ABE-914B-B6CF01E9F594}.Debug|Any CPU.Build.0 = Debug|Any CPU
		{D2AA1A3D-E53C-4ABE-914B-B6CF01E9F594}.Debug|Mixed Platforms.ActiveCfg = Debug|x86
		{D2AA1A3D-E53C-4ABE-914B-B6CF01E9F594}.Debug|Mixed Platforms.Build.0 = Debug|x86
		{D2AA1A3D-E53C-4ABE-914B-B6CF01E9F594}.Debug|x64.ActiveCfg = Debug|x64
		{D2AA1A3D-E53C-4ABE-914B-B6CF01E9F594}.Debug|x64.Build.0 = Debug|x64
		{D2AA1A3D-E53C-4ABE-914B-B6CF01E9F594}.Debug|x86.ActiveCfg = Debug|x86
		{D2AA1A3D-E53C-4ABE-914B-B6CF01E9F594}.Debug|x86.Build.0 = Debug|x86
		{D2AA1A3D-E53C-4ABE-914B-B6CF01E9F594}.Release|Any CPU.ActiveCfg = Release|Any CPU
		{D2AA1A3D-E53C-4ABE-914B-B6CF01E9F594}.Release|Any CPU.Build.0 = Release|Any CPU
		{D2AA1A3D-E53C-4ABE-914B-B6CF01E9F594}.Release|Mixed Platforms.ActiveCfg = Release|x86
		{D2AA1A3D-E53C-4ABE-914B-B6CF01E9F594}.Release|Mixed Platforms.Build.0 = Release|x86
		{D2AA1A3D-E53C-4ABE-914B-B6CF01E9F594}.Release|x64.ActiveCfg = Release|x64
		{D2AA1A3D-E53C-4ABE-914B-B6CF01E9F594}.Release|x64.Build.0 = Release|x64
		{D2AA1A3D-E53C-4ABE-914B-B6CF01E9F594}.Release|x86.ActiveCfg = Release|x86
		{D2AA1A3D-E53C-4ABE-914B-B6CF01E9F594}.Release|x86.Build.0 = Release|x86
		{24C4220C-2F2C-4321-9988-54D35CEA3945}.Any CPU|Any CPU.ActiveCfg = Debug|Any CPU
		{24C4220C-2F2C-4321-9988-54D35CEA3945}.Any CPU|Any CPU.Build.0 = Debug|Any CPU
		{24C4220C-2F2C-4321-9988-54D35CEA3945}.Any CPU|Mixed Platforms.ActiveCfg = Debug|Any CPU
		{24C4220C-2F2C-4321-9988-54D35CEA3945}.Any CPU|Mixed Platforms.Build.0 = Debug|Any CPU
		{24C4220C-2F2C-4321-9988-54D35CEA3945}.Any CPU|x64.ActiveCfg = Debug|Any CPU
		{24C4220C-2F2C-4321-9988-54D35CEA3945}.Any CPU|x86.ActiveCfg = Debug|Any CPU
		{24C4220C-2F2C-4321-9988-54D35CEA3945}.Debug|Any CPU.ActiveCfg = Debug|Any CPU
		{24C4220C-2F2C-4321-9988-54D35CEA3945}.Debug|Any CPU.Build.0 = Debug|Any CPU
		{24C4220C-2F2C-4321-9988-54D35CEA3945}.Debug|Mixed Platforms.ActiveCfg = Debug|Any CPU
		{24C4220C-2F2C-4321-9988-54D35CEA3945}.Debug|Mixed Platforms.Build.0 = Debug|Any CPU
		{24C4220C-2F2C-4321-9988-54D35CEA3945}.Debug|x64.ActiveCfg = Debug|Any CPU
		{24C4220C-2F2C-4321-9988-54D35CEA3945}.Debug|x86.ActiveCfg = Debug|Any CPU
		{24C4220C-2F2C-4321-9988-54D35CEA3945}.Release|Any CPU.ActiveCfg = Release|Any CPU
		{24C4220C-2F2C-4321-9988-54D35CEA3945}.Release|Any CPU.Build.0 = Release|Any CPU
		{24C4220C-2F2C-4321-9988-54D35CEA3945}.Release|Mixed Platforms.ActiveCfg = Debug|Any CPU
		{24C4220C-2F2C-4321-9988-54D35CEA3945}.Release|Mixed Platforms.Build.0 = Debug|Any CPU
		{24C4220C-2F2C-4321-9988-54D35CEA3945}.Release|x64.ActiveCfg = Debug|Any CPU
		{24C4220C-2F2C-4321-9988-54D35CEA3945}.Release|x86.ActiveCfg = Debug|Any CPU
	EndGlobalSection
	GlobalSection(SolutionProperties) = preSolution
		HideSolutionNode = FALSE
	EndGlobalSection
EndGlobal
