<?xml version="1.0" encoding="utf-8"?>
<Project ToolsVersion="4.0" xmlns="http://schemas.microsoft.com/developer/msbuild/2003">
  <ItemGroup>
    <Filter Include="Version Files">
      <UniqueIdentifier>{683949a5-81d0-40e7-bca4-7249a6890e3f}</UniqueIdentifier>
    </Filter>
    <Filter Include="Resource Files">
      <UniqueIdentifier>{556dc534-598a-4ca8-a561-02aadbc5cc04}</UniqueIdentifier>
    </Filter>
    <Filter Include="Source Files">
      <UniqueIdentifier>{5ff9009d-541e-422c-b2a0-05ff16d35cd5}</UniqueIdentifier>
    </Filter>
    <Filter Include="SQL">
      <UniqueIdentifier>{722485f0-8200-41c6-aa60-0842d12e5726}</UniqueIdentifier>
    </Filter>
  </ItemGroup>
  <ItemGroup>
    <ClInclude Include="Version\CFG_ReposVersion.h">
      <Filter>Version Files</Filter>
    </ClInclude>
    <ClInclude Include="Resource\resource.h">
      <Filter>Resource Files</Filter>
    </ClInclude>
    <ClInclude Include="CFG_ReposExport.h">
      <Filter>Source Files</Filter>
    </ClInclude>
    <ClInclude Include="Source\Constants.h">
      <Filter>Source Files</Filter>
    </ClInclude>
    <ClInclude Include="Source\CSxInterest.h">
      <Filter>Source Files</Filter>
    </ClInclude>
    <ClInclude Include="Source\CSxLoanAndRepoDealInput.h">
      <Filter>Source Files</Filter>
    </ClInclude>
    <ClInclude Include="Source\CSxPortfolioColumn.h">
      <Filter>Source Files</Filter>
    </ClInclude>
    <ClInclude Include="Source\CSxStandardDealInput.h">
      <Filter>Source Files</Filter>
    </ClInclude>
    <ClInclude Include="Source\CSxTransactionAction.h">
      <Filter>Source Files</Filter>
    </ClInclude>
    <ClInclude Include="Source\CSxTransferTrade.h">
      <Filter>Source Files</Filter>
    </ClInclude>
    <ClInclude Include="Source\CSxTVARates.h">
      <Filter>Source Files</Filter>
    </ClInclude>
    <ClInclude Include="Source\CSxTVARatesDlg.h">
      <Filter>Source Files</Filter>
    </ClInclude>
    <ClInclude Include="Source\CSxTVARatesScenario.h">
      <Filter>Source Files</Filter>
    </ClInclude>
  </ItemGroup>
  <ItemGroup>
    <Text Include="Version\ReleaseNotes.CFG_Repos.txt">
      <Filter>Version Files</Filter>
    </Text>
    <Text Include="Resource\CFG_Repos.txt">
      <Filter>Resource Files</Filter>
    </Text>
  </ItemGroup>
  <ItemGroup>
    <ResourceCompile Include="Resource\CFG_Repos.rc">
      <Filter>Resource Files</Filter>
    </ResourceCompile>
  </ItemGroup>
  <ItemGroup>
    <None Include="Resource\CFG_ReposVersion.rc2">
      <Filter>Resource Files</Filter>
    </None>
    <None Include="SQL\CFG_ReposScript.sql">
      <Filter>SQL</Filter>
    </None>
    <None Include="SQL\CFG_ReposScript_1.2.1.0_To_1.2.2.0.sql">
      <Filter>SQL</Filter>
    </None>
    <None Include="SQL\Rollback_CFG_ReposScript.sql">
      <Filter>SQL</Filter>
    </None>
    <None Include="CreateDeploymentPackage.bat" />
  </ItemGroup>
  <ItemGroup>
    <ClCompile Include="Source\CSxInterest.cpp">
      <Filter>Source Files</Filter>
    </ClCompile>
    <ClCompile Include="Source\CSxLoanAndRepoDealInput.cpp">
      <Filter>Source Files</Filter>
    </ClCompile>
    <ClCompile Include="Source\CSxPortfolioColumn.cpp">
      <Filter>Source Files</Filter>
    </ClCompile>
    <ClCompile Include="Source\CSxStandardDealInput.cpp">
      <Filter>Source Files</Filter>
    </ClCompile>
    <ClCompile Include="Source\CSxTransactionAction.cpp">
      <Filter>Source Files</Filter>
    </ClCompile>
    <ClCompile Include="Source\CSxTransferTrade.cpp">
      <Filter>Source Files</Filter>
    </ClCompile>
    <ClCompile Include="Source\CSxTVARates.cpp">
      <Filter>Source Files</Filter>
    </ClCompile>
    <ClCompile Include="Source\CSxTVARatesDlg.cpp">
      <Filter>Source Files</Filter>
    </ClCompile>
    <ClCompile Include="Source\CSxTVARatesScenario.cpp">
      <Filter>Source Files</Filter>
    </ClCompile>
    <ClCompile Include="CFG_ReposMain.cpp" />
    <ClCompile Include="entrypoint.cpp" />
  </ItemGroup>
</Project>