
Microsoft Visual Studio Solution File, Format Version 12.00
# Visual Studio 2013
VisualStudioVersion = 12.0.40629.0
MinimumVisualStudioVersion = 10.0.40219.1
Project("{FAE04EC0-301F-11D3-BF4B-00C04F79EFBC}") = "TTT", "TTT\TTT.csproj", "{12FB4959-BBF3-438B-AC88-892AB68149FC}"
EndProject
Project("{FAE04EC0-301F-11D3-BF4B-00C04F79EFBC}") = "TKO.Benchmark", "TKO.Benchmark\TKO.Benchmark.csproj", "{531D5AD1-C84B-409E-BB09-6D2C8F5BCC9C}"
EndProject
Project("{FAE04EC0-301F-11D3-BF4B-00C04F79EFBC}") = "TKO.Indicator", "TKO.Indicator\TKO.Indicator.csproj", "{080E1D48-59B8-41A7-A5A6-5CA885AC1B64}"
EndProject
Project("{FAE04EC0-301F-11D3-BF4B-00C04F79EFBC}") = "TKO.Indicator.Batch", "TKO.Indicator.Batch\TKO.Indicator.Batch.csproj", "{C05837C9-DCD0-4166-88AC-28D0E77CBB12}"
EndProject
Project("{8BC9CEB8-8B4A-11D0-8D11-00A0C91BC942}") = "TkoTicToc", "TkoTicToc\TkoTicToc.vcxproj", "{538971C2-90F3-4AE8-916D-1E06BB9C88DF}"
EndProject
Global
	GlobalSection(SolutionConfigurationPlatforms) = preSolution
		Debug|Any CPU = Debug|Any CPU
		Debug|Mixed Platforms = Debug|Mixed Platforms
		Debug|x64 = Debug|x64
		Debug|x86 = Debug|x86
		Release|Any CPU = Release|Any CPU
		Release|Mixed Platforms = Release|Mixed Platforms
		Release|x64 = Release|x64
		Release|x86 = Release|x86
	EndGlobalSection
	GlobalSection(ProjectConfigurationPlatforms) = postSolution
		{12FB4959-BBF3-438B-AC88-892AB68149FC}.Debug|Any CPU.ActiveCfg = Debug|Any CPU
		{12FB4959-BBF3-438B-AC88-892AB68149FC}.Debug|Any CPU.Build.0 = Debug|Any CPU
		{12FB4959-BBF3-438B-AC88-892AB68149FC}.Debug|Mixed Platforms.ActiveCfg = Debug|Any CPU
		{12FB4959-BBF3-438B-AC88-892AB68149FC}.Debug|Mixed Platforms.Build.0 = Debug|Any CPU
		{12FB4959-BBF3-438B-AC88-892AB68149FC}.Debug|x64.ActiveCfg = Debug|Any CPU
		{12FB4959-BBF3-438B-AC88-892AB68149FC}.Debug|x86.ActiveCfg = Debug|x86
		{12FB4959-BBF3-438B-AC88-892AB68149FC}.Debug|x86.Build.0 = Debug|x86
		{12FB4959-BBF3-438B-AC88-892AB68149FC}.Release|Any CPU.ActiveCfg = Release|Any CPU
		{12FB4959-BBF3-438B-AC88-892AB68149FC}.Release|Any CPU.Build.0 = Release|Any CPU
		{12FB4959-BBF3-438B-AC88-892AB68149FC}.Release|Mixed Platforms.ActiveCfg = Release|Any CPU
		{12FB4959-BBF3-438B-AC88-892AB68149FC}.Release|Mixed Platforms.Build.0 = Release|Any CPU
		{12FB4959-BBF3-438B-AC88-892AB68149FC}.Release|x64.ActiveCfg = Release|Any CPU
		{12FB4959-BBF3-438B-AC88-892AB68149FC}.Release|x86.ActiveCfg = Release|x86
		{12FB4959-BBF3-438B-AC88-892AB68149FC}.Release|x86.Build.0 = Release|x86
		{531D5AD1-C84B-409E-BB09-6D2C8F5BCC9C}.Debug|Any CPU.ActiveCfg = Debug|Any CPU
		{531D5AD1-C84B-409E-BB09-6D2C8F5BCC9C}.Debug|Any CPU.Build.0 = Debug|Any CPU
		{531D5AD1-C84B-409E-BB09-6D2C8F5BCC9C}.Debug|Mixed Platforms.ActiveCfg = Debug|Any CPU
		{531D5AD1-C84B-409E-BB09-6D2C8F5BCC9C}.Debug|Mixed Platforms.Build.0 = Debug|Any CPU
		{531D5AD1-C84B-409E-BB09-6D2C8F5BCC9C}.Debug|x64.ActiveCfg = Debug|Any CPU
		{531D5AD1-C84B-409E-BB09-6D2C8F5BCC9C}.Debug|x86.ActiveCfg = Debug|x86
		{531D5AD1-C84B-409E-BB09-6D2C8F5BCC9C}.Debug|x86.Build.0 = Debug|x86
		{531D5AD1-C84B-409E-BB09-6D2C8F5BCC9C}.Release|Any CPU.ActiveCfg = Release|Any CPU
		{531D5AD1-C84B-409E-BB09-6D2C8F5BCC9C}.Release|Any CPU.Build.0 = Release|Any CPU
		{531D5AD1-C84B-409E-BB09-6D2C8F5BCC9C}.Release|Mixed Platforms.ActiveCfg = Release|Any CPU
		{531D5AD1-C84B-409E-BB09-6D2C8F5BCC9C}.Release|Mixed Platforms.Build.0 = Release|Any CPU
		{531D5AD1-C84B-409E-BB09-6D2C8F5BCC9C}.Release|x64.ActiveCfg = Release|Any CPU
		{531D5AD1-C84B-409E-BB09-6D2C8F5BCC9C}.Release|x86.ActiveCfg = Release|x86
		{531D5AD1-C84B-409E-BB09-6D2C8F5BCC9C}.Release|x86.Build.0 = Release|x86
		{080E1D48-59B8-41A7-A5A6-5CA885AC1B64}.Debug|Any CPU.ActiveCfg = Debug|Any CPU
		{080E1D48-59B8-41A7-A5A6-5CA885AC1B64}.Debug|Any CPU.Build.0 = Debug|Any CPU
		{080E1D48-59B8-41A7-A5A6-5CA885AC1B64}.Debug|Mixed Platforms.ActiveCfg = Debug|Any CPU
		{080E1D48-59B8-41A7-A5A6-5CA885AC1B64}.Debug|Mixed Platforms.Build.0 = Debug|Any CPU
		{080E1D48-59B8-41A7-A5A6-5CA885AC1B64}.Debug|x64.ActiveCfg = Debug|Any CPU
		{080E1D48-59B8-41A7-A5A6-5CA885AC1B64}.Debug|x64.Build.0 = Debug|Any CPU
		{080E1D48-59B8-41A7-A5A6-5CA885AC1B64}.Debug|x86.ActiveCfg = Debug|Any CPU
		{080E1D48-59B8-41A7-A5A6-5CA885AC1B64}.Release|Any CPU.ActiveCfg = Debug|Any CPU
		{080E1D48-59B8-41A7-A5A6-5CA885AC1B64}.Release|Any CPU.Build.0 = Debug|Any CPU
		{080E1D48-59B8-41A7-A5A6-5CA885AC1B64}.Release|Mixed Platforms.ActiveCfg = Debug|Any CPU
		{080E1D48-59B8-41A7-A5A6-5CA885AC1B64}.Release|Mixed Platforms.Build.0 = Debug|Any CPU
		{080E1D48-59B8-41A7-A5A6-5CA885AC1B64}.Release|x64.ActiveCfg = Debug|Any CPU
		{080E1D48-59B8-41A7-A5A6-5CA885AC1B64}.Release|x86.ActiveCfg = Debug|Any CPU
		{C05837C9-DCD0-4166-88AC-28D0E77CBB12}.Debug|Any CPU.ActiveCfg = Debug|Any CPU
		{C05837C9-DCD0-4166-88AC-28D0E77CBB12}.Debug|Any CPU.Build.0 = Debug|Any CPU
		{C05837C9-DCD0-4166-88AC-28D0E77CBB12}.Debug|Mixed Platforms.ActiveCfg = Debug|Any CPU
		{C05837C9-DCD0-4166-88AC-28D0E77CBB12}.Debug|Mixed Platforms.Build.0 = Debug|Any CPU
		{C05837C9-DCD0-4166-88AC-28D0E77CBB12}.Debug|x64.ActiveCfg = Debug|Any CPU
		{C05837C9-DCD0-4166-88AC-28D0E77CBB12}.Debug|x86.ActiveCfg = Debug|x86
		{C05837C9-DCD0-4166-88AC-28D0E77CBB12}.Debug|x86.Build.0 = Debug|x86
		{C05837C9-DCD0-4166-88AC-28D0E77CBB12}.Release|Any CPU.ActiveCfg = Release|Any CPU
		{C05837C9-DCD0-4166-88AC-28D0E77CBB12}.Release|Any CPU.Build.0 = Release|Any CPU
		{C05837C9-DCD0-4166-88AC-28D0E77CBB12}.Release|Mixed Platforms.ActiveCfg = Release|Any CPU
		{C05837C9-DCD0-4166-88AC-28D0E77CBB12}.Release|Mixed Platforms.Build.0 = Release|Any CPU
		{C05837C9-DCD0-4166-88AC-28D0E77CBB12}.Release|x64.ActiveCfg = Release|Any CPU
		{C05837C9-DCD0-4166-88AC-28D0E77CBB12}.Release|x86.ActiveCfg = Release|x86
		{C05837C9-DCD0-4166-88AC-28D0E77CBB12}.Release|x86.Build.0 = Release|x86
		{538971C2-90F3-4AE8-916D-1E06BB9C88DF}.Debug|Any CPU.ActiveCfg = Debug|x64
		{538971C2-90F3-4AE8-916D-1E06BB9C88DF}.Debug|Mixed Platforms.ActiveCfg = Debug|x64
		{538971C2-90F3-4AE8-916D-1E06BB9C88DF}.Debug|Mixed Platforms.Build.0 = Debug|x64
		{538971C2-90F3-4AE8-916D-1E06BB9C88DF}.Debug|x64.ActiveCfg = Debug|x64
		{538971C2-90F3-4AE8-916D-1E06BB9C88DF}.Debug|x64.Build.0 = Debug|x64
		{538971C2-90F3-4AE8-916D-1E06BB9C88DF}.Debug|x86.ActiveCfg = Debug|x64
		{538971C2-90F3-4AE8-916D-1E06BB9C88DF}.Release|Any CPU.ActiveCfg = Release|x64
		{538971C2-90F3-4AE8-916D-1E06BB9C88DF}.Release|Mixed Platforms.ActiveCfg = Release|x64
		{538971C2-90F3-4AE8-916D-1E06BB9C88DF}.Release|Mixed Platforms.Build.0 = Release|x64
		{538971C2-90F3-4AE8-916D-1E06BB9C88DF}.Release|x64.ActiveCfg = Release|x64
		{538971C2-90F3-4AE8-916D-1E06BB9C88DF}.Release|x64.Build.0 = Release|x64
		{538971C2-90F3-4AE8-916D-1E06BB9C88DF}.Release|x86.ActiveCfg = Release|x64
	EndGlobalSection
	GlobalSection(SolutionProperties) = preSolution
		HideSolutionNode = FALSE
	EndGlobalSection
EndGlobal
