<?xml version="1.0" encoding="utf-8"?>
<Project ToolsVersion="4.0" xmlns="http://schemas.microsoft.com/developer/msbuild/2003">
  <ItemGroup>
    <Filter Include="Resource Files">
      <UniqueIdentifier>{1f88c27a-e76e-4a2d-83db-e0d7ba1830d2}</UniqueIdentifier>
    </Filter>
    <Filter Include="SQL Files">
      <UniqueIdentifier>{74643960-bd0f-40bf-b7b1-3ee5ad8a5d94}</UniqueIdentifier>
      <Extensions>sql</Extensions>
    </Filter>
    <Filter Include="Version Files">
      <UniqueIdentifier>{d3cfc7d7-8794-40b6-9200-ee8b37b0582c}</UniqueIdentifier>
    </Filter>
    <Filter Include="GUI">
      <UniqueIdentifier>{131b34b3-36c1-4194-a041-01ad012c2ccc}</UniqueIdentifier>
    </Filter>
    <Filter Include="DealAction">
      <UniqueIdentifier>{55743a67-4bad-413b-a79d-6edec452ca1a}</UniqueIdentifier>
    </Filter>
    <Filter Include="Extraction">
      <UniqueIdentifier>{1ea3d603-da0d-49f3-83db-6ca4827fc2af}</UniqueIdentifier>
    </Filter>
    <Filter Include="GUI\Instrument">
      <UniqueIdentifier>{be23a85d-e360-4d56-b1c2-05047d1263de}</UniqueIdentifier>
    </Filter>
    <Filter Include="GUI\Transaction">
      <UniqueIdentifier>{683e0d0c-c611-4631-ae55-f189ab65dcde}</UniqueIdentifier>
    </Filter>
    <Filter Include="Model">
      <UniqueIdentifier>{ed7f34b2-92e1-444b-8903-191cd601075c}</UniqueIdentifier>
    </Filter>
    <Filter Include="DealCondition">
      <UniqueIdentifier>{08b3be61-3d1c-4964-b0b5-7050e2f79f0d}</UniqueIdentifier>
    </Filter>
    <Filter Include="DealCheck">
      <UniqueIdentifier>{4b9eebda-d171-4311-ae3e-5d37d01362e2}</UniqueIdentifier>
    </Filter>
    <Filter Include="Tools">
      <UniqueIdentifier>{0b090107-141d-4696-97f9-22f502185ffd}</UniqueIdentifier>
    </Filter>
    <Filter Include="StratNAV">
      <UniqueIdentifier>{9516dcec-0550-40c3-880b-18c01f997e7a}</UniqueIdentifier>
    </Filter>
    <Filter Include="IMReporting">
      <UniqueIdentifier>{63a8f544-cc1f-4db2-ab2a-2908f8cd395d}</UniqueIdentifier>
    </Filter>
    <Filter Include="PositionVisibility">
      <UniqueIdentifier>{94aa0ec1-7862-4b49-a47b-a5836c7fea80}</UniqueIdentifier>
    </Filter>
    <Filter Include="AutoTicket">
      <UniqueIdentifier>{f0c0d939-7f42-4e80-9ea9-8613ad9a0492}</UniqueIdentifier>
    </Filter>
  </ItemGroup>
  <ItemGroup>
    <ClCompile Include="MEDIO_GUIMain.cpp" />
    <ClCompile Include="entrypoint.cpp" />
    <ClCompile Include="GUI\CSxCheckBox.cpp">
      <Filter>GUI</Filter>
    </ClCompile>
    <ClCompile Include="GUI\CSxIndexDlg.cpp">
      <Filter>GUI\Instrument</Filter>
    </ClCompile>
    <ClCompile Include="GUI\CSxTransactionDlg.cpp">
      <Filter>GUI\Transaction</Filter>
    </ClCompile>
    <ClCompile Include="..\Tools\CSxSQLHelper.cpp">
      <Filter>Tools</Filter>
    </ClCompile>
    <ClCompile Include="DealAction\CSxIsLastExecutionKernelEngine.cpp">
      <Filter>DealAction</Filter>
    </ClCompile>
    <ClCompile Include="DealAction\CSxTradeThruZeroDealAction.cpp">
      <Filter>DealAction</Filter>
    </ClCompile>
    <ClCompile Include="BOCondition\CSxIsDelegateCondition.cpp">
      <Filter>DealCondition</Filter>
    </ClCompile>
    <ClCompile Include="InstrumentModel\CSxOptionModel.cpp">
      <Filter>Model</Filter>
    </ClCompile>
    <ClCompile Include="Criteria\CSxFOAssetClassCriterium.cpp">
      <Filter>Extraction</Filter>
    </ClCompile>
    <ClCompile Include="Criteria\CSxRBCTradeIDCriteria.cpp">
      <Filter>Extraction</Filter>
    </ClCompile>
    <ClCompile Include="Criteria\CSxTradeRefconCriterium.cpp">
      <Filter>Extraction</Filter>
    </ClCompile>
    <ClCompile Include="PositionCtxMenu\CSxShareStratCtxMenu.cpp">
      <Filter>StratNAV</Filter>
    </ClCompile>
    <ClCompile Include="FolioAction\CSxCreateShareStrategyAction.cpp">
      <Filter>StratNAV</Filter>
    </ClCompile>
    <ClCompile Include="IMReporting\CsxBusinessEventReportingCallBack.cpp">
      <Filter>IMReporting</Filter>
    </ClCompile>
    <ClCompile Include="IMReporting\CsxIMPortfolioColumn.cpp">
      <Filter>IMReporting</Filter>
    </ClCompile>
    <ClCompile Include="BOCondition\CSxIsHedgedCondition.cpp" />
    <ClCompile Include="DealCheck\CSxShortSellDealCheck.cpp">
      <Filter>DealCheck</Filter>
    </ClCompile>
    <ClCompile Include="DealCheck\CSxUnderlyingRICDealCheck.cpp" />
    <ClCompile Include="BrokerFeeCondition\CSxBrokerFeesConditionSEDOL.cpp" />
    <ClCompile Include="BrokerFeeCondition\CSxBrokerFeesConditionSettlePlace.cpp" />
    <ClCompile Include="DealAggregator\CSxExecutionsAggregatorCounterparty.cpp" />
    <ClCompile Include="BrokerFeeCondition\CSxBrokerFeesIsMAML.cpp" />
    <ClCompile Include="PositionCtxMenu\CSxDynamicOrderBuilderPosCtxMenu.cpp" />
    <ClCompile Include="Column\CSxVariationMarginColumn.cpp" />
    <ClCompile Include="Column\CSxMarketValueColumn.cpp" />
    <ClCompile Include="Column\Utils\CSxCachedColumn.cpp" />
    <ClCompile Include="Column\Utils\CSxColumnHelper.cpp" />
    <ClCompile Include="DealCheck\CSxFXCheckDeal.cpp">
      <Filter>DealCheck</Filter>
    </ClCompile>
    <ClCompile Include="CSxBondTypeColumn.cpp" />
    <ClCompile Include="Column\CSxMarketValueAggregateColumn.cpp" />
    <ClCompile Include="CSxGrossConsiderationAction.cpp">
      <Filter>DealAction</Filter>
    </ClCompile>
    <ClCompile Include="GUI\CSxVarianceSwapDlg.cpp" />
    <ClCompile Include="BrokerFeeCondition\CSxBrokerFeesCtryInc.cpp" />
    <ClCompile Include="PositionVisibility\CSxPositionVisibilityHook.cpp">
      <Filter>PositionVisibility</Filter>
    </ClCompile>
    <ClCompile Include="CSxCDSPriceAction.cpp">
      <Filter>DealAction</Filter>
    </ClCompile>
    <ClCompile Include="BOCondition\CSxIsNotCTMCondition.cpp">
      <Filter>DealCondition</Filter>
    </ClCompile>
    <ClCompile Include="CSxThirdPartyActionCountryCode.cpp" />
    <ClCompile Include="BOCondition\CSxIsNotSSBCondition.cpp">
      <Filter>DealCondition</Filter>
    </ClCompile>
    <ClCompile Include="BrokerFeeCondition\CSxBrokerFeesCtryCode.cpp" />
    <ClCompile Include="BrokerFeeCondition\CSxBrokerFeesException.cpp" />
    <ClCompile Include="AutoTicket\CSxIsModifiedAutoTransmitCondition.cpp">
      <Filter>AutoTicket</Filter>
    </ClCompile>
    <ClCompile Include="AutoTicket\CSxSameAutoTransmitCondition.cpp">
      <Filter>AutoTicket</Filter>
    </ClCompile>
    <ClCompile Include="AutoTicket\CSxOnTradeDateAutoCondition.cpp">
      <Filter>AutoTicket</Filter>
    </ClCompile>
    <ClCompile Include="AutoTicket\CSxOnSettleDateAutoCondition.cpp">
      <Filter>AutoTicket</Filter>
    </ClCompile>
    <ClCompile Include="AutoTicket\CSxIsDelegateAutoCondition.cpp">
      <Filter>AutoTicket</Filter>
    </ClCompile>
    <ClCompile Include="AutoTicket\CSxIsBBHIOnboardedDIMAutoTransmitCondition.cpp">
      <Filter>AutoTicket</Filter>
    </ClCompile>
    <ClCompile Include="CSxReportingHedge.cpp" />
    <ClCompile Include="CSxIsBrokerDIMCondition.cpp" />
    <ClCompile Include="CSxNACKTemplateCondition.cpp" />
  </ItemGroup>
  <ItemGroup>
    <None Include="SQL\Rollback_MEDIO_GUIScript.sql">
      <Filter>SQL Files</Filter>
    </None>
    <None Include="SQL\MEDIO_GUIScript.sql">
      <Filter>SQL Files</Filter>
    </None>
    <None Include="Version\ReadMe.txt">
      <Filter>Version Files</Filter>
    </None>
    <None Include="Version\ReleaseNotes.MEDIO_GUI.txt">
      <Filter>Version Files</Filter>
    </None>
    <None Include="Resource\MEDIO_GUI.txt">
      <Filter>Resource Files</Filter>
    </None>
    <None Include="Resource\MEDIO_GUIVersion.rc2">
      <Filter>Resource Files</Filter>
    </None>
    <None Include="SQL\MEDIO_UserRight_ExpiredFX_Script.sql">
      <Filter>SQL Files</Filter>
    </None>
    <None Include="SQL\Rollback_MEDIO_UserRight_ExpiredFX_Script.sql">
      <Filter>SQL Files</Filter>
    </None>
  </ItemGroup>
  <ItemGroup>
    <ClInclude Include="targetver.h" />
    <ClInclude Include="Resource\resource.h">
      <Filter>Resource Files</Filter>
    </ClInclude>
    <ClInclude Include="Version\MEDIO_GUIVersion.h">
      <Filter>Version Files</Filter>
    </ClInclude>
    <ClInclude Include="GUI\CSxCheckBox.h">
      <Filter>GUI</Filter>
    </ClInclude>
    <ClInclude Include="GUI\CSxIndexDlg.h">
      <Filter>GUI\Instrument</Filter>
    </ClInclude>
    <ClInclude Include="GUI\CSxTransactionDlg.h">
      <Filter>GUI\Transaction</Filter>
    </ClInclude>
    <ClInclude Include="..\Tools\CSxSQLHelper.h">
      <Filter>Tools</Filter>
    </ClInclude>
    <ClInclude Include="DealAction\CSxIsLastExecutionKernelEngine.h">
      <Filter>DealAction</Filter>
    </ClInclude>
    <ClInclude Include="DealAction\CSxTradeThruZeroDealAction.h">
      <Filter>DealAction</Filter>
    </ClInclude>
    <ClInclude Include="BOCondition\CSxIsDelegateCondition.h">
      <Filter>DealCondition</Filter>
    </ClInclude>
    <ClInclude Include="InstrumentModel\CSxOptionModel.h">
      <Filter>Model</Filter>
    </ClInclude>
    <ClInclude Include="Criteria\CSxFOAssetClassCriterium.h">
      <Filter>Extraction</Filter>
    </ClInclude>
    <ClInclude Include="Criteria\CSxRBCTradeIDCriteria.h">
      <Filter>Extraction</Filter>
    </ClInclude>
    <ClInclude Include="Criteria\CSxTradeRefconCriterium.h">
      <Filter>Extraction</Filter>
    </ClInclude>
    <ClInclude Include="PositionCtxMenu\CSxShareStratCtxMenu.h">
      <Filter>StratNAV</Filter>
    </ClInclude>
    <ClInclude Include="FolioAction\CSxCreateShareStrategyAction.h">
      <Filter>StratNAV</Filter>
    </ClInclude>
    <ClInclude Include="IMReporting\CsxBusinessEventReportingCallBack.h">
      <Filter>IMReporting</Filter>
    </ClInclude>
    <ClInclude Include="IMReporting\CsxIMPortfolioColumn.h">
      <Filter>IMReporting</Filter>
    </ClInclude>
    <ClInclude Include="BOCondition\CSxIsHedgedCondition.h" />
    <ClInclude Include="DealCheck\CSxShortSellDealCheck.h">
      <Filter>DealCheck</Filter>
    </ClInclude>
    <ClInclude Include="DealCheck\CSxUnderlyingRICDealCheck.h" />
    <ClInclude Include="BrokerFeeCondition\CSxBrokerFeesConditionSEDOL.h" />
    <ClInclude Include="BrokerFeeCondition\CSxBrokerFeesConditionSettlePlace.h" />
    <ClInclude Include="DealAggregator\CSxExecutionsAggregatorCounterparty.h" />
    <ClInclude Include="BrokerFeeCondition\CSxBrokerFeesIsMAML.h" />
    <ClInclude Include="PositionCtxMenu\CSxDynamicOrderBuilderPosCtxMenu.h" />
    <ClInclude Include="../MediolanumVersion.h" />
    <ClInclude Include="Column\CSxVariationMarginColumn.h" />
    <ClInclude Include="Column\CSxMarketValueColumn.h" />
    <ClInclude Include="Column\Utils\CSxCachedColumn.h" />
    <ClInclude Include="Column\Utils\CSxColumnHelper.h" />
    <ClInclude Include="DealCheck\CSxFXCheckDeal.h">
      <Filter>DealCheck</Filter>
    </ClInclude>
    <ClInclude Include="CSxBondTypeColumn.h" />
    <ClInclude Include="Column\CSxMarketValueAggregateColumn.h" />
    <ClInclude Include="CSxGrossConsiderationAction.h">
      <Filter>DealAction</Filter>
    </ClInclude>
    <ClInclude Include="GUI\CSxVarianceSwapDlg.h" />
    <ClInclude Include="BrokerFeeCondition\CSxBrokerFeesCtryInc.h" />
    <ClInclude Include="PositionVisibility\CSxPositionVisibilityHook.h">
      <Filter>PositionVisibility</Filter>
    </ClInclude>
    <ClInclude Include="CSxCDSPriceAction.h">
      <Filter>DealAction</Filter>
    </ClInclude>
    <ClInclude Include="BOCondition\CSxIsNotCTMCondition.h">
      <Filter>DealCondition</Filter>
    </ClInclude>
    <ClInclude Include="CSxThirdPartyActionCountryCode.h" />
    <ClInclude Include="BOCondition\CSxIsNotSSBCondition.h">
      <Filter>DealCondition</Filter>
    </ClInclude>
    <ClInclude Include="BrokerFeeCondition\CSxBrokerFeesCtryCode.h" />
    <ClInclude Include="BrokerFeeCondition\CSxBrokerFeesException.h" />
    <ClInclude Include="AutoTicket\CSxIsModifiedAutoTransmitCondition.h">
      <Filter>AutoTicket</Filter>
    </ClInclude>
    <ClInclude Include="AutoTicket\CSxSameAutoTransmitCondition.h">
      <Filter>AutoTicket</Filter>
    </ClInclude>
    <ClInclude Include="AutoTicket\CSxOnTradeDateAutoCondition.h">
      <Filter>AutoTicket</Filter>
    </ClInclude>
    <ClInclude Include="AutoTicket\CSxOnSettleDateAutoCondition.h">
      <Filter>AutoTicket</Filter>
    </ClInclude>
    <ClInclude Include="AutoTicket\CSxIsDelegateAutoCondition.h">
      <Filter>AutoTicket</Filter>
    </ClInclude>
    <ClInclude Include="AutoTicket\CSxIsBBHIOnboardedDIMAutoTransmitCondition.h">
      <Filter>AutoTicket</Filter>
    </ClInclude>
    <ClInclude Include="CSxReportingHedge.h" />
    <ClInclude Include="CSxIsBrokerDIMCondition.h" />
    <ClInclude Include="CSxNACKTemplateCondition.h" />
  </ItemGroup>
  <ItemGroup>
    <ResourceCompile Include="Resource\MEDIO_GUI.rc">
      <Filter>Resource Files</Filter>
    </ResourceCompile>
  </ItemGroup>
</Project>