<?xml version="1.0" encoding="utf-8"?>
<Project ToolsVersion="4.0" xmlns="http://schemas.microsoft.com/developer/msbuild/2003">
  <ItemGroup>
    <Filter Include="Resource Files">
      <UniqueIdentifier>{3677fe06-c61f-43a2-8542-58f5d1b9e833}</UniqueIdentifier>
    </Filter>
    <Filter Include="Version Files">
      <UniqueIdentifier>{3bf2c311-43a3-4c79-b7d7-feb6a85be5f1}</UniqueIdentifier>
    </Filter>
  </ItemGroup>
  <ItemGroup>
    <ClCompile Include="Config.cpp" />
    <ClCompile Include="CtxComboBox.cpp" />
    <ClCompile Include="CtxEditList.cpp" />
    <ClCompile Include="CtxEditText.cpp" />
    <ClCompile Include="CtxElements.cpp" />
    <ClCompile Include="Log.cpp" />
    <ClCompile Include="msxmlutils.cpp" />
    <ClCompile Include="SphUtils.cpp" />
    <ClCompile Include="SqlUtils.cpp" />
    <ClCompile Include="SqlWrapper.cpp" />
    <ClCompile Include="StringUtils.cpp" />
    <ClCompile Include="systemutils.cpp" />
    <ClCompile Include="RptUtils.cpp" />
  </ItemGroup>
  <ItemGroup>
    <Text Include="Version\ReadMe.txt">
      <Filter>Version Files</Filter>
    </Text>
    <Text Include="Version\ReleaseNotes.EffStdLib.txt">
      <Filter>Version Files</Filter>
    </Text>
    <Text Include="Resource\EffStdLib.txt">
      <Filter>Resource Files</Filter>
    </Text>
    <Text Include="ReadMe.txt" />
  </ItemGroup>
  <ItemGroup>
    <ClInclude Include="Resource\resource.h">
      <Filter>Resource Files</Filter>
    </ClInclude>
    <ClInclude Include="Version\EffStdLibVersion.h">
      <Filter>Version Files</Filter>
    </ClInclude>
    <ClInclude Include="Inc\Config.h" />
    <ClInclude Include="Inc\CtxComboBox.h" />
    <ClInclude Include="Inc\CtxEditList.h" />
    <ClInclude Include="Inc\CtxEditText.h" />
    <ClInclude Include="Inc\CtxElements.h" />
    <ClInclude Include="Inc\Log.h" />
    <ClInclude Include="Inc\msxmlutils.h" />
    <ClInclude Include="Inc\SphUtils.h" />
    <ClInclude Include="Inc\SqlUtils.h" />
    <ClInclude Include="Inc\SqlWrapper.h" />
    <ClInclude Include="Inc\StringUtils.h" />
    <ClInclude Include="Inc\systemutils.h" />
    <ClInclude Include="Inc\Variant.h" />
    <ClInclude Include="Inc\RptUtils.h" />
  </ItemGroup>
  <ItemGroup>
    <None Include="Resource\EffStdLibVersion.rc2">
      <Filter>Resource Files</Filter>
    </None>
  </ItemGroup>
  <ItemGroup>
    <ResourceCompile Include="Resource\EffStdLib.rc">
      <Filter>Resource Files</Filter>
    </ResourceCompile>
  </ItemGroup>
</Project>