
Microsoft Visual Studio Solution File, Format Version 12.00
# Visual Studio 15
VisualStudioVersion = 15.0.28307.1062
MinimumVisualStudioVersion = 10.0.40219.1
Project("{8BC9CEB8-8B4A-11D0-8D11-00A0C91BC942}") = "FCI_CPP", "FCI_Cpp\FCI_CPP.vcxproj", "{8832F0D4-8C56-4C19-83FE-1848B3BF6997}"
EndProject
Project("{FAE04EC0-301F-11D3-BF4B-00C04F79EFBC}") = "FCI_CSharp", "FCI_CSharp\FCI_CSharp.csproj", "{FAB3F3F3-B219-4B17-B080-1E8E4EB8E2F3}"
EndProject
Global
	GlobalSection(SolutionConfigurationPlatforms) = preSolution
		Debug|x64 = Debug|x64
		Debug|x86 = Debug|x86
		Release|x64 = Release|x64
		Release|x86 = Release|x86
	EndGlobalSection
	GlobalSection(ProjectConfigurationPlatforms) = postSolution
		{8832F0D4-8C56-4C19-83FE-1848B3BF6997}.Debug|x64.ActiveCfg = Debug|x64
		{8832F0D4-8C56-4C19-83FE-1848B3BF6997}.Debug|x64.Build.0 = Debug|x64
		{8832F0D4-8C56-4C19-83FE-1848B3BF6997}.Debug|x86.ActiveCfg = Debug|Win32
		{8832F0D4-8C56-4C19-83FE-1848B3BF6997}.Debug|x86.Build.0 = Debug|Win32
		{8832F0D4-8C56-4C19-83FE-1848B3BF6997}.Release|x64.ActiveCfg = Release|x64
		{8832F0D4-8C56-4C19-83FE-1848B3BF6997}.Release|x64.Build.0 = Release|x64
		{8832F0D4-8C56-4C19-83FE-1848B3BF6997}.Release|x86.ActiveCfg = Release|Win32
		{8832F0D4-8C56-4C19-83FE-1848B3BF6997}.Release|x86.Build.0 = Release|Win32
		{FAB3F3F3-B219-4B17-B080-1E8E4EB8E2F3}.Debug|x64.ActiveCfg = Debug|x64
		{FAB3F3F3-B219-4B17-B080-1E8E4EB8E2F3}.Debug|x64.Build.0 = Debug|x64
		{FAB3F3F3-B219-4B17-B080-1E8E4EB8E2F3}.Debug|x86.ActiveCfg = Debug|x86
		{FAB3F3F3-B219-4B17-B080-1E8E4EB8E2F3}.Debug|x86.Build.0 = Debug|x86
		{FAB3F3F3-B219-4B17-B080-1E8E4EB8E2F3}.Release|x64.ActiveCfg = Release|x64
		{FAB3F3F3-B219-4B17-B080-1E8E4EB8E2F3}.Release|x64.Build.0 = Release|x64
		{FAB3F3F3-B219-4B17-B080-1E8E4EB8E2F3}.Release|x86.ActiveCfg = Release|x86
		{FAB3F3F3-B219-4B17-B080-1E8E4EB8E2F3}.Release|x86.Build.0 = Release|x86
	EndGlobalSection
	GlobalSection(SolutionProperties) = preSolution
		HideSolutionNode = FALSE
	EndGlobalSection
	GlobalSection(ExtensibilityGlobals) = postSolution
		SolutionGuid = {F347B492-5B01-485D-BCA2-F8E3394253F0}
	EndGlobalSection
EndGlobal
